
Microsoft Visual Studio Solution File, Format Version 12.00
# Visual Studio Version 17
VisualStudioVersion = 17.0.32112.339
MinimumVisualStudioVersion = 10.0.40219.1
Project("{8BC9CEB8-8B4A-11D0-8D11-00A0C91BC942}") = "2022-1BasicProject(PBL)", "2022-1BasicProject(PBL)\2022-1BasicProject(PBL).vcxproj", "{28798E1C-56E6-418F-9863-5D33851829C5}"
EndProject
Global
	GlobalSection(SolutionConfigurationPlatforms) = preSolution
		Debug|x64 = Debug|x64
		Debug|x86 = Debug|x86
		Release|x64 = Release|x64
		Release|x86 = Release|x86
	EndGlobalSection
	GlobalSection(ProjectConfigurationPlatforms) = postSolution
		{28798E1C-56E6-418F-9863-5D33851829C5}.Debug|x64.ActiveCfg = Debug|x64
		{28798E1C-56E6-418F-9863-5D33851829C5}.Debug|x64.Build.0 = Debug|x64
		{28798E1C-56E6-418F-9863-5D33851829C5}.Debug|x86.ActiveCfg = Debug|Win32
		{28798E1C-56E6-418F-9863-5D33851829C5}.Debug|x86.Build.0 = Debug|Win32
		{28798E1C-56E6-418F-9863-5D33851829C5}.Release|x64.ActiveCfg = Release|x64
		{28798E1C-56E6-418F-9863-5D33851829C5}.Release|x64.Build.0 = Release|x64
		{28798E1C-56E6-418F-9863-5D33851829C5}.Release|x86.ActiveCfg = Release|Win32
		{28798E1C-56E6-418F-9863-5D33851829C5}.Release|x86.Build.0 = Release|Win32
	EndGlobalSection
	GlobalSection(SolutionProperties) = preSolution
		HideSolutionNode = FALSE
	EndGlobalSection
	GlobalSection(ExtensibilityGlobals) = postSolution
		SolutionGuid = {E41BA337-1FDF-4A14-8A07-36E323CD9444}
	EndGlobalSection
EndGlobal
